
Microsoft Visual Studio Solution File, Format Version 12.00
# Visual Studio 15
VisualStudioVersion = 15.0.33919.361
MinimumVisualStudioVersion = 10.0.40219.1
Project("{FAE04EC0-301F-11D3-BF4B-00C04F79EFBC}") = "Test", "Test\Test.csproj", "{894C1B78-9506-4B40-87C4-8AC39F56F89E}"
EndProject
Global
	GlobalSection(SolutionConfigurationPlatforms) = preSolution
		Debug|Any CPU = Debug|Any CPU
		Release|Any CPU = Release|Any CPU
	EndGlobalSection
	GlobalSection(ProjectConfigurationPlatforms) = postSolution
		{894C1B78-9506-4B40-87C4-8AC39F56F89E}.Debug|Any CPU.ActiveCfg = Debug|Any CPU
		{894C1B78-9506-4B40-87C4-8AC39F56F89E}.Debug|Any CPU.Build.0 = Debug|Any CPU
		{894C1B78-9506-4B40-87C4-8AC39F56F89E}.Release|Any CPU.ActiveCfg = Release|Any CPU
		{894C1B78-9506-4B40-87C4-8AC39F56F89E}.Release|Any CPU.Build.0 = Release|Any CPU
	EndGlobalSection
	GlobalSection(SolutionProperties) = preSolution
		HideSolutionNode = FALSE
	EndGlobalSection
	GlobalSection(ExtensibilityGlobals) = postSolution
		SolutionGuid = {4ADB6B7A-1A16-40E4-B818-F41B166B0D2A}
	EndGlobalSection
EndGlobal
